
Microsoft Visual Studio Solution File, Format Version 12.00
# Visual Studio 14
VisualStudioVersion = 14.0.25420.1
MinimumVisualStudioVersion = 10.0.40219.1
Project("{FAE04EC0-301F-11D3-BF4B-00C04F79EFBC}") = "CFBPickEm", "CFBPickEm\CFBPickEm.csproj", "{467E61F3-DC3F-40FF-B2A5-6E97F0D0955F}"
EndProject
Project("{FAE04EC0-301F-11D3-BF4B-00C04F79EFBC}") = "CFBPickEm.Core", "CFBPickEm.Core\CFBPickEm.Core.csproj", "{ADE46836-5004-4510-9DD8-5A14F038D9E1}"
EndProject
Global
	GlobalSection(SolutionConfigurationPlatforms) = preSolution
		Debug|Any CPU = Debug|Any CPU
		Debug|ARM = Debug|ARM
		Debug|iPhone = Debug|iPhone
		Debug|iPhoneSimulator = Debug|iPhoneSimulator
		Debug|x86 = Debug|x86
		Release|Any CPU = Release|Any CPU
		Release|ARM = Release|ARM
		Release|iPhone = Release|iPhone
		Release|iPhoneSimulator = Release|iPhoneSimulator
		Release|x86 = Release|x86
	EndGlobalSection
	GlobalSection(ProjectConfigurationPlatforms) = postSolution
		{467E61F3-DC3F-40FF-B2A5-6E97F0D0955F}.Debug|Any CPU.ActiveCfg = Debug|Any CPU
		{467E61F3-DC3F-40FF-B2A5-6E97F0D0955F}.Debug|Any CPU.Build.0 = Debug|Any CPU
		{467E61F3-DC3F-40FF-B2A5-6E97F0D0955F}.Debug|Any CPU.Deploy.0 = Debug|Any CPU
		{467E61F3-DC3F-40FF-B2A5-6E97F0D0955F}.Debug|ARM.ActiveCfg = Debug|Any CPU
		{467E61F3-DC3F-40FF-B2A5-6E97F0D0955F}.Debug|ARM.Build.0 = Debug|Any CPU
		{467E61F3-DC3F-40FF-B2A5-6E97F0D0955F}.Debug|ARM.Deploy.0 = Debug|Any CPU
		{467E61F3-DC3F-40FF-B2A5-6E97F0D0955F}.Debug|iPhone.ActiveCfg = Debug|Any CPU
		{467E61F3-DC3F-40FF-B2A5-6E97F0D0955F}.Debug|iPhone.Build.0 = Debug|Any CPU
		{467E61F3-DC3F-40FF-B2A5-6E97F0D0955F}.Debug|iPhone.Deploy.0 = Debug|Any CPU
		{467E61F3-DC3F-40FF-B2A5-6E97F0D0955F}.Debug|iPhoneSimulator.ActiveCfg = Debug|Any CPU
		{467E61F3-DC3F-40FF-B2A5-6E97F0D0955F}.Debug|iPhoneSimulator.Build.0 = Debug|Any CPU
		{467E61F3-DC3F-40FF-B2A5-6E97F0D0955F}.Debug|iPhoneSimulator.Deploy.0 = Debug|Any CPU
		{467E61F3-DC3F-40FF-B2A5-6E97F0D0955F}.Debug|x86.ActiveCfg = Debug|Any CPU
		{467E61F3-DC3F-40FF-B2A5-6E97F0D0955F}.Debug|x86.Build.0 = Debug|Any CPU
		{467E61F3-DC3F-40FF-B2A5-6E97F0D0955F}.Debug|x86.Deploy.0 = Debug|Any CPU
		{467E61F3-DC3F-40FF-B2A5-6E97F0D0955F}.Release|Any CPU.ActiveCfg = Release|Any CPU
		{467E61F3-DC3F-40FF-B2A5-6E97F0D0955F}.Release|Any CPU.Build.0 = Release|Any CPU
		{467E61F3-DC3F-40FF-B2A5-6E97F0D0955F}.Release|Any CPU.Deploy.0 = Release|Any CPU
		{467E61F3-DC3F-40FF-B2A5-6E97F0D0955F}.Release|ARM.ActiveCfg = Release|Any CPU
		{467E61F3-DC3F-40FF-B2A5-6E97F0D0955F}.Release|ARM.Build.0 = Release|Any CPU
		{467E61F3-DC3F-40FF-B2A5-6E97F0D0955F}.Release|ARM.Deploy.0 = Release|Any CPU
		{467E61F3-DC3F-40FF-B2A5-6E97F0D0955F}.Release|iPhone.ActiveCfg = Release|Any CPU
		{467E61F3-DC3F-40FF-B2A5-6E97F0D0955F}.Release|iPhone.Build.0 = Release|Any CPU
		{467E61F3-DC3F-40FF-B2A5-6E97F0D0955F}.Release|iPhone.Deploy.0 = Release|Any CPU
		{467E61F3-DC3F-40FF-B2A5-6E97F0D0955F}.Release|iPhoneSimulator.ActiveCfg = Release|Any CPU
		{467E61F3-DC3F-40FF-B2A5-6E97F0D0955F}.Release|iPhoneSimulator.Build.0 = Release|Any CPU
		{467E61F3-DC3F-40FF-B2A5-6E97F0D0955F}.Release|iPhoneSimulator.Deploy.0 = Release|Any CPU
		{467E61F3-DC3F-40FF-B2A5-6E97F0D0955F}.Release|x86.ActiveCfg = Release|Any CPU
		{467E61F3-DC3F-40FF-B2A5-6E97F0D0955F}.Release|x86.Build.0 = Release|Any CPU
		{467E61F3-DC3F-40FF-B2A5-6E97F0D0955F}.Release|x86.Deploy.0 = Release|Any CPU
		{ADE46836-5004-4510-9DD8-5A14F038D9E1}.Debug|Any CPU.ActiveCfg = Debug|Any CPU
		{ADE46836-5004-4510-9DD8-5A14F038D9E1}.Debug|Any CPU.Build.0 = Debug|Any CPU
		{ADE46836-5004-4510-9DD8-5A14F038D9E1}.Debug|ARM.ActiveCfg = Debug|Any CPU
		{ADE46836-5004-4510-9DD8-5A14F038D9E1}.Debug|ARM.Build.0 = Debug|Any CPU
		{ADE46836-5004-4510-9DD8-5A14F038D9E1}.Debug|iPhone.ActiveCfg = Debug|Any CPU
		{ADE46836-5004-4510-9DD8-5A14F038D9E1}.Debug|iPhone.Build.0 = Debug|Any CPU
		{ADE46836-5004-4510-9DD8-5A14F038D9E1}.Debug|iPhoneSimulator.ActiveCfg = Debug|Any CPU
		{ADE46836-5004-4510-9DD8-5A14F038D9E1}.Debug|iPhoneSimulator.Build.0 = Debug|Any CPU
		{ADE46836-5004-4510-9DD8-5A14F038D9E1}.Debug|x86.ActiveCfg = Debug|Any CPU
		{ADE46836-5004-4510-9DD8-5A14F038D9E1}.Debug|x86.Build.0 = Debug|Any CPU
		{ADE46836-5004-4510-9DD8-5A14F038D9E1}.Release|Any CPU.ActiveCfg = Release|Any CPU
		{ADE46836-5004-4510-9DD8-5A14F038D9E1}.Release|Any CPU.Build.0 = Release|Any CPU
		{ADE46836-5004-4510-9DD8-5A14F038D9E1}.Release|ARM.ActiveCfg = Release|Any CPU
		{ADE46836-5004-4510-9DD8-5A14F038D9E1}.Release|ARM.Build.0 = Release|Any CPU
		{ADE46836-5004-4510-9DD8-5A14F038D9E1}.Release|iPhone.ActiveCfg = Release|Any CPU
		{ADE46836-5004-4510-9DD8-5A14F038D9E1}.Release|iPhone.Build.0 = Release|Any CPU
		{ADE46836-5004-4510-9DD8-5A14F038D9E1}.Release|iPhoneSimulator.ActiveCfg = Release|Any CPU
		{ADE46836-5004-4510-9DD8-5A14F038D9E1}.Release|iPhoneSimulator.Build.0 = Release|Any CPU
		{ADE46836-5004-4510-9DD8-5A14F038D9E1}.Release|x86.ActiveCfg = Release|Any CPU
		{ADE46836-5004-4510-9DD8-5A14F038D9E1}.Release|x86.Build.0 = Release|Any CPU
	EndGlobalSection
	GlobalSection(SolutionProperties) = preSolution
		HideSolutionNode = FALSE
	EndGlobalSection
EndGlobal
